
Microsoft Visual Studio Solution File, Format Version 12.00
Project("{2150E333-8FDC-42A3-9474-1A3956D46DE8}") = "ContactsCatalogue.Data", "ContactsCatalogue.Data", "{4F354B02-0F51-4F5D-B5E6-917FFE51D732}"
EndProject
Project("{FAE04EC0-301F-11D3-BF4B-00C04F79EFBC}") = "ContactsCatalogue.Data", "ContactsCatalogue.Data\ContactsCatalogue.Data.csproj", "{CF54F2D5-F757-40EC-8480-7C1FE8A48A16}"
EndProject
Project("{2150E333-8FDC-42A3-9474-1A3956D46DE8}") = "ContactsCatalogue.Core", "ContactsCatalogue.Core", "{9C3520D9-7577-4F17-83B6-8E731274AA24}"
EndProject
Project("{FAE04EC0-301F-11D3-BF4B-00C04F79EFBC}") = "ContactsCatalogue.Core", "ContactsCatalogue.Core\ContactsCatalogue.Core.csproj", "{D0280344-EB24-4F12-B335-BDA0D7253F9F}"
EndProject
Project("{2150E333-8FDC-42A3-9474-1A3956D46DE8}") = "ContactsCatalogue.API", "ContactsCatalogue.API", "{8439E219-DA0D-48EA-AE0D-C57A6FE7CC5E}"
EndProject
Project("{FAE04EC0-301F-11D3-BF4B-00C04F79EFBC}") = "ContactsCatalogue.API", "ContactsCatalogue.API\ContactsCatalogue.API\ContactsCatalogue.API.csproj", "{12463EC6-7636-472D-AE1B-2C7CF5E1B335}"
EndProject
Project("{2150E333-8FDC-42A3-9474-1A3956D46DE8}") = "APIGateway", "APIGateway", "{D61996A6-037B-4EEF-A3C7-D874A895838E}"
EndProject
Project("{FAE04EC0-301F-11D3-BF4B-00C04F79EFBC}") = "OcelotGateway", "APIGateway\OcelotGateway\OcelotGateway.csproj", "{FBC7E439-6801-4D10-B7FB-AAA3F4CF662A}"
EndProject
Project("{2150E333-8FDC-42A3-9474-1A3956D46DE8}") = "Users", "Users", "{C0DE058C-CF86-48CB-929A-B4E15225B7F3}"
EndProject
Project("{2150E333-8FDC-42A3-9474-1A3956D46DE8}") = "Reports", "Reports", "{C6C90034-2792-43CD-BF30-806119E06D05}"
EndProject
Project("{FAE04EC0-301F-11D3-BF4B-00C04F79EFBC}") = "Reports.API", "Reports.API\Reports.API.csproj", "{4A5B516A-2F67-4077-83AD-768A210E5FCD}"
EndProject
Project("{FAE04EC0-301F-11D3-BF4B-00C04F79EFBC}") = "Users.API", "Users.API\Users.API.csproj", "{B0BF0B02-B1C7-4328-8134-88105887DAF5}"
EndProject
Project("{2150E333-8FDC-42A3-9474-1A3956D46DE8}") = "Common", "Common", "{85F464F6-DCF9-4BA6-85BA-EBAD92894255}"
EndProject
Project("{FAE04EC0-301F-11D3-BF4B-00C04F79EFBC}") = "EventBusRabbitMQ", "EventBusRabbitMQ\EventBusRabbitMQ.csproj", "{B236BC5D-0B58-4B7B-A12B-31140FD83035}"
EndProject
Global
	GlobalSection(SolutionConfigurationPlatforms) = preSolution
		Debug|Any CPU = Debug|Any CPU
		Release|Any CPU = Release|Any CPU
	EndGlobalSection
	GlobalSection(NestedProjects) = preSolution
		{CF54F2D5-F757-40EC-8480-7C1FE8A48A16} = {4F354B02-0F51-4F5D-B5E6-917FFE51D732}
		{D0280344-EB24-4F12-B335-BDA0D7253F9F} = {9C3520D9-7577-4F17-83B6-8E731274AA24}
		{12463EC6-7636-472D-AE1B-2C7CF5E1B335} = {8439E219-DA0D-48EA-AE0D-C57A6FE7CC5E}
		{FBC7E439-6801-4D10-B7FB-AAA3F4CF662A} = {D61996A6-037B-4EEF-A3C7-D874A895838E}
		{4A5B516A-2F67-4077-83AD-768A210E5FCD} = {C6C90034-2792-43CD-BF30-806119E06D05}
		{B0BF0B02-B1C7-4328-8134-88105887DAF5} = {C0DE058C-CF86-48CB-929A-B4E15225B7F3}
		{B236BC5D-0B58-4B7B-A12B-31140FD83035} = {85F464F6-DCF9-4BA6-85BA-EBAD92894255}
	EndGlobalSection
	GlobalSection(ProjectConfigurationPlatforms) = postSolution
		{CF54F2D5-F757-40EC-8480-7C1FE8A48A16}.Debug|Any CPU.ActiveCfg = Debug|Any CPU
		{CF54F2D5-F757-40EC-8480-7C1FE8A48A16}.Debug|Any CPU.Build.0 = Debug|Any CPU
		{CF54F2D5-F757-40EC-8480-7C1FE8A48A16}.Release|Any CPU.ActiveCfg = Release|Any CPU
		{CF54F2D5-F757-40EC-8480-7C1FE8A48A16}.Release|Any CPU.Build.0 = Release|Any CPU
		{D0280344-EB24-4F12-B335-BDA0D7253F9F}.Debug|Any CPU.ActiveCfg = Debug|Any CPU
		{D0280344-EB24-4F12-B335-BDA0D7253F9F}.Debug|Any CPU.Build.0 = Debug|Any CPU
		{D0280344-EB24-4F12-B335-BDA0D7253F9F}.Release|Any CPU.ActiveCfg = Release|Any CPU
		{D0280344-EB24-4F12-B335-BDA0D7253F9F}.Release|Any CPU.Build.0 = Release|Any CPU
		{12463EC6-7636-472D-AE1B-2C7CF5E1B335}.Debug|Any CPU.ActiveCfg = Debug|Any CPU
		{12463EC6-7636-472D-AE1B-2C7CF5E1B335}.Debug|Any CPU.Build.0 = Debug|Any CPU
		{12463EC6-7636-472D-AE1B-2C7CF5E1B335}.Release|Any CPU.ActiveCfg = Release|Any CPU
		{12463EC6-7636-472D-AE1B-2C7CF5E1B335}.Release|Any CPU.Build.0 = Release|Any CPU
		{FBC7E439-6801-4D10-B7FB-AAA3F4CF662A}.Debug|Any CPU.ActiveCfg = Debug|Any CPU
		{FBC7E439-6801-4D10-B7FB-AAA3F4CF662A}.Debug|Any CPU.Build.0 = Debug|Any CPU
		{FBC7E439-6801-4D10-B7FB-AAA3F4CF662A}.Release|Any CPU.ActiveCfg = Release|Any CPU
		{FBC7E439-6801-4D10-B7FB-AAA3F4CF662A}.Release|Any CPU.Build.0 = Release|Any CPU
		{4A5B516A-2F67-4077-83AD-768A210E5FCD}.Debug|Any CPU.ActiveCfg = Debug|Any CPU
		{4A5B516A-2F67-4077-83AD-768A210E5FCD}.Debug|Any CPU.Build.0 = Debug|Any CPU
		{4A5B516A-2F67-4077-83AD-768A210E5FCD}.Release|Any CPU.ActiveCfg = Release|Any CPU
		{4A5B516A-2F67-4077-83AD-768A210E5FCD}.Release|Any CPU.Build.0 = Release|Any CPU
		{B0BF0B02-B1C7-4328-8134-88105887DAF5}.Debug|Any CPU.ActiveCfg = Debug|Any CPU
		{B0BF0B02-B1C7-4328-8134-88105887DAF5}.Debug|Any CPU.Build.0 = Debug|Any CPU
		{B0BF0B02-B1C7-4328-8134-88105887DAF5}.Release|Any CPU.ActiveCfg = Release|Any CPU
		{B0BF0B02-B1C7-4328-8134-88105887DAF5}.Release|Any CPU.Build.0 = Release|Any CPU
		{B236BC5D-0B58-4B7B-A12B-31140FD83035}.Debug|Any CPU.ActiveCfg = Debug|Any CPU
		{B236BC5D-0B58-4B7B-A12B-31140FD83035}.Debug|Any CPU.Build.0 = Debug|Any CPU
		{B236BC5D-0B58-4B7B-A12B-31140FD83035}.Release|Any CPU.ActiveCfg = Release|Any CPU
		{B236BC5D-0B58-4B7B-A12B-31140FD83035}.Release|Any CPU.Build.0 = Release|Any CPU
	EndGlobalSection
EndGlobal
